
Microsoft Visual Studio Solution File, Format Version 12.00
# Visual Studio 15
VisualStudioVersion = 15.0.28010.2050
MinimumVisualStudioVersion = 10.0.40219.1
Project("{FAE04EC0-301F-11D3-BF4B-00C04F79EFBC}") = "1-first-project", "1-first-project\1-first-project.csproj", "{C72CDEE4-4D36-474C-BDCB-8FFCFFFBA048}"
EndProject
Global
	GlobalSection(SolutionConfigurationPlatforms) = preSolution
		Debug|Any CPU = Debug|Any CPU
		Release|Any CPU = Release|Any CPU
	EndGlobalSection
	GlobalSection(ProjectConfigurationPlatforms) = postSolution
		{C72CDEE4-4D36-474C-BDCB-8FFCFFFBA048}.Debug|Any CPU.ActiveCfg = Debug|Any CPU
		{C72CDEE4-4D36-474C-BDCB-8FFCFFFBA048}.Debug|Any CPU.Build.0 = Debug|Any CPU
		{C72CDEE4-4D36-474C-BDCB-8FFCFFFBA048}.Release|Any CPU.ActiveCfg = Release|Any CPU
		{C72CDEE4-4D36-474C-BDCB-8FFCFFFBA048}.Release|Any CPU.Build.0 = Release|Any CPU
	EndGlobalSection
	GlobalSection(SolutionProperties) = preSolution
		HideSolutionNode = FALSE
	EndGlobalSection
	GlobalSection(ExtensibilityGlobals) = postSolution
		SolutionGuid = {7EE49674-BD2A-46D1-9393-892A3CC2022D}
	EndGlobalSection
EndGlobal
